
Microsoft Visual Studio Solution File, Format Version 12.00
# Visual Studio Version 17
VisualStudioVersion = 17.10.34916.146
MinimumVisualStudioVersion = 10.0.40219.1
Project("{FAE04EC0-301F-11D3-BF4B-00C04F79EFBC}") = "ShopingCart", "ShopingCart.csproj", "{84F9E47E-EDBE-4B11-8F93-890942602ADE}"
EndProject
Global
	GlobalSection(SolutionConfigurationPlatforms) = preSolution
		Debug|Any CPU = Debug|Any CPU
		Release|Any CPU = Release|Any CPU
	EndGlobalSection
	GlobalSection(ProjectConfigurationPlatforms) = postSolution
		{84F9E47E-EDBE-4B11-8F93-890942602ADE}.Debug|Any CPU.ActiveCfg = Debug|Any CPU
		{84F9E47E-EDBE-4B11-8F93-890942602ADE}.Debug|Any CPU.Build.0 = Debug|Any CPU
		{84F9E47E-EDBE-4B11-8F93-890942602ADE}.Release|Any CPU.ActiveCfg = Release|Any CPU
		{84F9E47E-EDBE-4B11-8F93-890942602ADE}.Release|Any CPU.Build.0 = Release|Any CPU
	EndGlobalSection
	GlobalSection(SolutionProperties) = preSolution
		HideSolutionNode = FALSE
	EndGlobalSection
	GlobalSection(ExtensibilityGlobals) = postSolution
		SolutionGuid = {A990F06F-2CC1-48FB-AA5D-21EFC379661E}
	EndGlobalSection
EndGlobal
